// !$*UTF8*$!
{
	archiveVersion = 1;
	classes = {
	};
	objectVersion = 46;
	objects = {

/* Begin PBXBuildFile section */
		0203C1DF1A3F92870022CAB4 /* main.m in Sources */ = {isa = PBXBuildFile; fileRef = 0203C1DE1A3F92870022CAB4 /* main.m */; };
		0203C1E21A3F92870022CAB4 /* AppDelegate.m in Sources */ = {isa = PBXBuildFile; fileRef = 0203C1E11A3F92870022CAB4 /* AppDelegate.m */; };
		0203C1E51A3F92870022CAB4 /* ViewController.m in Sources */ = {isa = PBXBuildFile; fileRef = 0203C1E41A3F92870022CAB4 /* ViewController.m */; };
		0203C1E81A3F92870022CAB4 /* Main.storyboard in Resources */ = {isa = PBXBuildFile; fileRef = 0203C1E61A3F92870022CAB4 /* Main.storyboard */; };
		0203C1EA1A3F92870022CAB4 /* Images.xcassets in Resources */ = {isa = PBXBuildFile; fileRef = 0203C1E91A3F92870022CAB4 /* Images.xcassets */; };
		0203C1ED1A3F92870022CAB4 /* LaunchScreen.xib in Resources */ = {isa = PBXBuildFile; fileRef = 0203C1EB1A3F92870022CAB4 /* LaunchScreen.xib */; };
		0203C1F91A3F92880022CAB4 /* styloTests.m in Sources */ = {isa = PBXBuildFile; fileRef = 0203C1F81A3F92880022CAB4 /* styloTests.m */; };
/* End PBXBuildFile section */

/* Begin PBXContainerItemProxy section */
		0203C1F31A3F92870022CAB4 /* PBXContainerItemProxy */ = {
			isa = PBXContainerItemProxy;
			containerPortal = 0203C1D11A3F92870022CAB4 /* Project object */;
			proxyType = 1;
			remoteGlobalIDString = 0203C1D81A3F92870022CAB4;
			remoteInfo = stylo;
		};
/* End PBXContainerItemProxy section */

/* Begin PBXFileReference section */
		0203C1D91A3F92870022CAB4 /* stylo.app */ = {isa = PBXFileReference; explicitFileType = wrapper.application; includeInIndex = 0; path = stylo.app; sourceTree = BUILT_PRODUCTS_DIR; };
		0203C1DD1A3F92870022CAB4 /* Info.plist */ = {isa = PBXFileReference; lastKnownFileType = text.plist.xml; path = Info.plist; sourceTree = "<group>"; };
		0203C1DE1A3F92870022CAB4 /* main.m */ = {isa = PBXFileReference; lastKnownFileType = sourcecode.c.objc; path = main.m; sourceTree = "<group>"; };
		0203C1E01A3F92870022CAB4 /* AppDelegate.h */ = {isa = PBXFileReference; lastKnownFileType = sourcecode.c.h; path = AppDelegate.h; sourceTree = "<group>"; };
		0203C1E11A3F92870022CAB4 /* AppDelegate.m */ = {isa = PBXFileReference; lastKnownFileType = sourcecode.c.objc; path = AppDelegate.m; sourceTree = "<group>"; };
		0203C1E31A3F92870022CAB4 /* ViewController.h */ = {isa = PBXFileReference; lastKnownFileType = sourcecode.c.h; path = ViewController.h; sourceTree = "<group>"; };
		0203C1E41A3F92870022CAB4 /* ViewController.m */ = {isa = PBXFileReference; lastKnownFileType = sourcecode.c.objc; path = ViewController.m; sourceTree = "<group>"; };
		0203C1E71A3F92870022CAB4 /* Base */ = {isa = PBXFileReference; lastKnownFileType = file.storyboard; name = Base; path = Base.lproj/Main.storyboard; sourceTree = "<group>"; };
		0203C1E91A3F92870022CAB4 /* Images.xcassets */ = {isa = PBXFileReference; lastKnownFileType = folder.assetcatalog; path = Images.xcassets; sourceTree = "<group>"; };
		0203C1EC1A3F92870022CAB4 /* Base */ = {isa = PBXFileReference; lastKnownFileType = file.xib; name = Base; path = Base.lproj/LaunchScreen.xib; sourceTree = "<group>"; };
		0203C1F21A3F92870022CAB4 /* styloTests.xctest */ = {isa = PBXFileReference; explicitFileType = wrapper.cfbundle; includeInIndex = 0; path = styloTests.xctest; sourceTree = BUILT_PRODUCTS_DIR; };
		0203C1F71A3F92880022CAB4 /* Info.plist */ = {isa = PBXFileReference; lastKnownFileType = text.plist.xml; path = Info.plist; sourceTree = "<group>"; };
		0203C1F81A3F92880022CAB4 /* styloTests.m */ = {isa = PBXFileReference; lastKnownFileType = sourcecode.c.objc; path = styloTests.m; sourceTree = "<group>"; };
/* End PBXFileReference section */

/* Begin PBXFrameworksBuildPhase section */
		0203C1D61A3F92870022CAB4 /* Frameworks */ = {
			isa = PBXFrameworksBuildPhase;
			buildActionMask = 2147483647;
			files = (
			);
			runOnlyForDeploymentPostprocessing = 0;
		};
		0203C1EF1A3F92870022CAB4 /* Frameworks */ = {
			isa = PBXFrameworksBuildPhase;
			buildActionMask = 2147483647;
			files = (
			);
			runOnlyForDeploymentPostprocessing = 0;
		};
/* End PBXFrameworksBuildPhase section */

/* Begin PBXGroup section */
		0203C1D01A3F92870022CAB4 = {
			isa = PBXGroup;
			children = (
				0203C1DB1A3F92870022CAB4 /* stylo */,
				0203C1F51A3F92880022CAB4 /* styloTests */,
				0203C1DA1A3F92870022CAB4 /* Products */,
			);
			sourceTree = "<group>";
		};
		0203C1DA1A3F92870022CAB4 /* Products */ = {
			isa = PBXGroup;
			children = (
				0203C1D91A3F92870022CAB4 /* stylo.app */,
				0203C1F21A3F92870022CAB4 /* styloTests.xctest */,
			);
			name = Products;
			sourceTree = "<group>";
		};
		0203C1DB1A3F92870022CAB4 /* stylo */ = {
			isa = PBXGroup;
			children = (
				0203C1E61A3F92870022CAB4 /* Main.storyboard */,
				0203C1E01A3F92870022CAB4 /* AppDelegate.h */,
				0203C1E11A3F92870022CAB4 /* AppDelegate.m */,
				0203C1E31A3F92870022CAB4 /* ViewController.h */,
				0203C1E41A3F92870022CAB4 /* ViewController.m */,
				0203C1E91A3F92870022CAB4 /* Images.xcassets */,
				0203C1EB1A3F92870022CAB4 /* LaunchScreen.xib */,
				0203C1DC1A3F92870022CAB4 /* Supporting Files */,
			);
			path = stylo;
			sourceTree = "<group>";
		};
		0203C1DC1A3F92870022CAB4 /* Supporting Files */ = {
			isa = PBXGroup;
			children = (
				0203C1DD1A3F92870022CAB4 /* Info.plist */,
				0203C1DE1A3F92870022CAB4 /* main.m */,
			);
			name = "Supporting Files";
			sourceTree = "<group>";
		};
		0203C1F51A3F92880022CAB4 /* styloTests */ = {
			isa = PBXGroup;
			children = (
				0203C1F81A3F92880022CAB4 /* styloTests.m */,
				0203C1F61A3F92880022CAB4 /* Supporting Files */,
			);
			path = styloTests;
			sourceTree = "<group>";
		};
		0203C1F61A3F92880022CAB4 /* Supporting Files */ = {
			isa = PBXGroup;
			children = (
				0203C1F71A3F92880022CAB4 /* Info.plist */,
			);
			name = "Supporting Files";
			sourceTree = "<group>";
		};
/* End PBXGroup section */

/* Begin PBXNativeTarget section */
		0203C1D81A3F92870022CAB4 /* stylo */ = {
			isa = PBXNativeTarget;
			buildConfigurationList = 0203C1FC1A3F92880022CAB4 /* Build configuration list for PBXNativeTarget "stylo" */;
			buildPhases = (
				0203C1D51A3F92870022CAB4 /* Sources */,
				0203C1D61A3F92870022CAB4 /* Frameworks */,
				0203C1D71A3F92870022CAB4 /* Resources */,
			);
			buildRules = (
			);
			dependencies = (
			);
			name = stylo;
			productName = stylo;
			productReference = 0203C1D91A3F92870022CAB4 /* stylo.app */;
			productType = "com.apple.product-type.application";
		};
		0203C1F11A3F92870022CAB4 /* styloTests */ = {
			isa = PBXNativeTarget;
			buildConfigurationList = 0203C1FF1A3F92880022CAB4 /* Build configuration list for PBXNativeTarget "styloTests" */;
			buildPhases = (
				0203C1EE1A3F92870022CAB4 /* Sources */,
				0203C1EF1A3F92870022CAB4 /* Frameworks */,
				0203C1F01A3F92870022CAB4 /* Resources */,
			);
			buildRules = (
			);
			dependencies = (
				0203C1F41A3F92870022CAB4 /* PBXTargetDependency */,
			);
			name = styloTests;
			productName = styloTests;
			productReference = 0203C1F21A3F92870022CAB4 /* styloTests.xctest */;
			productType = "com.apple.product-type.bundle.unit-test";
		};
/* End PBXNativeTarget section */

/* Begin PBXProject section */
		0203C1D11A3F92870022CAB4 /* Project object */ = {
			isa = PBXProject;
			attributes = {
				LastUpgradeCheck = 0610;
				ORGANIZATIONNAME = "Azul Engineering";
				TargetAttributes = {
					0203C1D81A3F92870022CAB4 = {
						CreatedOnToolsVersion = 6.1.1;
					};
					0203C1F11A3F92870022CAB4 = {
						CreatedOnToolsVersion = 6.1.1;
						TestTargetID = 0203C1D81A3F92870022CAB4;
					};
				};
			};
			buildConfigurationList = 0203C1D41A3F92870022CAB4 /* Build configuration list for PBXProject "stylo" */;
			compatibilityVersion = "Xcode 3.2";
			developmentRegion = English;
			hasScannedForEncodings = 0;
			knownRegions = (
				en,
				Base,
			);
			mainGroup = 0203C1D01A3F92870022CAB4;
			productRefGroup = 0203C1DA1A3F92870022CAB4 /* Products */;
			projectDirPath = "";
			projectRoot = "";
			targets = (
				0203C1D81A3F92870022CAB4 /* stylo */,
				0203C1F11A3F92870022CAB4 /* styloTests */,
			);
		};
/* End PBXProject section */

/* Begin PBXResourcesBuildPhase section */
		0203C1D71A3F92870022CAB4 /* Resources */ = {
			isa = PBXResourcesBuildPhase;
			buildActionMask = 2147483647;
			files = (
				0203C1E81A3F92870022CAB4 /* Main.storyboard in Resources */,
				0203C1ED1A3F92870022CAB4 /* LaunchScreen.xib in Resources */,
				0203C1EA1A3F92870022CAB4 /* Images.xcassets in Resources */,
			);
			runOnlyForDeploymentPostprocessing = 0;
		};
		0203C1F01A3F92870022CAB4 /* Resources */ = {
			isa = PBXResourcesBuildPhase;
			buildActionMask = 2147483647;
			files = (
			);
			runOnlyForDeploymentPostprocessing = 0;
		};
/* End PBXResourcesBuildPhase section */

/* Begin PBXSourcesBuildPhase section */
		0203C1D51A3F92870022CAB4 /* Sources */ = {
			isa = PBXSourcesBuildPhase;
			buildActionMask = 2147483647;
			files = (
				0203C1E51A3F92870022CAB4 /* ViewController.m in Sources */,
				0203C1E21A3F92870022CAB4 /* AppDelegate.m in Sources */,
				0203C1DF1A3F92870022CAB4 /* main.m in Sources */,
			);
			runOnlyForDeploymentPostprocessing = 0;
		};
		0203C1EE1A3F92870022CAB4 /* Sources */ = {
			isa = PBXSourcesBuildPhase;
			buildActionMask = 2147483647;
			files = (
				0203C1F91A3F92880022CAB4 /* styloTests.m in Sources */,
			);
			runOnlyForDeploymentPostprocessing = 0;
		};
/* End PBXSourcesBuildPhase section */

/* Begin PBXTargetDependency section */
		0203C1F41A3F92870022CAB4 /* PBXTargetDependency */ = {
			isa = PBXTargetDependency;
			target = 0203C1D81A3F92870022CAB4 /* stylo */;
			targetProxy = 0203C1F31A3F92870022CAB4 /* PBXContainerItemProxy */;
		};
/* End PBXTargetDependency section */

/* Begin PBXVariantGroup section */
		0203C1E61A3F92870022CAB4 /* Main.storyboard */ = {
			isa = PBXVariantGroup;
			children = (
				0203C1E71A3F92870022CAB4 /* Base */,
			);
			name = Main.storyboard;
			sourceTree = "<group>";
		};
		0203C1EB1A3F92870022CAB4 /* LaunchScreen.xib */ = {
			isa = PBXVariantGroup;
			children = (
				0203C1EC1A3F92870022CAB4 /* Base */,
			);
			name = LaunchScreen.xib;
			sourceTree = "<group>";
		};
/* End PBXVariantGroup section */

/* Begin XCBuildConfiguration section */
		0203C1FA1A3F92880022CAB4 /* Debug */ = {
			isa = XCBuildConfiguration;
			buildSettings = {
				ALWAYS_SEARCH_USER_PATHS = NO;
				CLANG_CXX_LANGUAGE_STANDARD = "gnu++0x";
				CLANG_CXX_LIBRARY = "libc++";
				CLANG_ENABLE_MODULES = YES;
				CLANG_ENABLE_OBJC_ARC = YES;
				CLANG_WARN_BOOL_CONVERSION = YES;
				CLANG_WARN_CONSTANT_CONVERSION = YES;
				CLANG_WARN_DIRECT_OBJC_ISA_USAGE = YES_ERROR;
				CLANG_WARN_EMPTY_BODY = YES;
				CLANG_WARN_ENUM_CONVERSION = YES;
				CLANG_WARN_INT_CONVERSION = YES;
				CLANG_WARN_OBJC_ROOT_CLASS = YES_ERROR;
				CLANG_WARN_UNREACHABLE_CODE = YES;
				CLANG_WARN__DUPLICATE_METHOD_MATCH = YES;
				"CODE_SIGN_IDENTITY[sdk=iphoneos*]" = "iPhone Developer";
				COPY_PHASE_STRIP = NO;
				ENABLE_STRICT_OBJC_MSGSEND = YES;
				GCC_C_LANGUAGE_STANDARD = gnu99;
				GCC_DYNAMIC_NO_PIC = NO;
				GCC_OPTIMIZATION_LEVEL = 0;
				GCC_PREPROCESSOR_DEFINITIONS = (
					"DEBUG=1",
					"$(inherited)",
				);
				GCC_SYMBOLS_PRIVATE_EXTERN = NO;
				GCC_WARN_64_TO_32_BIT_CONVERSION = YES;
				GCC_WARN_ABOUT_RETURN_TYPE = YES_ERROR;
				GCC_WARN_UNDECLARED_SELECTOR = YES;
				GCC_WARN_UNINITIALIZED_AUTOS = YES_AGGRESSIVE;
				GCC_WARN_UNUSED_FUNCTION = YES;
				GCC_WARN_UNUSED_VARIABLE = YES;
				IPHONEOS_DEPLOYMENT_TARGET = 8.1;
				MTL_ENABLE_DEBUG_INFO = YES;
				ONLY_ACTIVE_ARCH = YES;
				SDKROOT = iphoneos;
				TARGETED_DEVICE_FAMILY = "1,2";
			};
			name = Debug;
		};
		0203C1FB1A3F92880022CAB4 /* Release */ = {
			isa = XCBuildConfiguration;
			buildSettings = {
				ALWAYS_SEARCH_USER_PATHS = NO;
				CLANG_CXX_LANGUAGE_STANDARD = "gnu++0x";
				CLANG_CXX_LIBRARY = "libc++";
				CLANG_ENABLE_MODULES = YES;
				CLANG_ENABLE_OBJC_ARC = YES;
				CLANG_WARN_BOOL_CONVERSION = YES;
				CLANG_WARN_CONSTANT_CONVERSION = YES;
				CLANG_WARN_DIRECT_OBJC_ISA_USAGE = YES_ERROR;
				CLANG_WARN_EMPTY_BODY = YES;
				CLANG_WARN_ENUM_CONVERSION = YES;
				CLANG_WARN_INT_CONVERSION = YES;
				CLANG_WARN_OBJC_ROOT_CLASS = YES_ERROR;
				CLANG_WARN_UNREACHABLE_CODE = YES;
				CLANG_WARN__DUPLICATE_METHOD_MATCH = YES;
				"CODE_SIGN_IDENTITY[sdk=iphoneos*]" = "iPhone Developer";
				COPY_PHASE_STRIP = YES;
				ENABLE_NS_ASSERTIONS = NO;
				ENABLE_STRICT_OBJC_MSGSEND = YES;
				GCC_C_LANGUAGE_STANDARD = gnu99;
				GCC_WARN_64_TO_32_BIT_CONVERSION = YES;
				GCC_WARN_ABOUT_RETURN_TYPE = YES_ERROR;
				GCC_WARN_UNDECLARED_SELECTOR = YES;
				GCC_WARN_UNINITIALIZED_AUTOS = YES_AGGRESSIVE;
				GCC_WARN_UNUSED_FUNCTION = YES;
				GCC_WARN_UNUSED_VARIABLE = YES;
				IPHONEOS_DEPLOYMENT_TARGET = 8.1;
				MTL_ENABLE_DEBUG_INFO = NO;
				SDKROOT = iphoneos;
				TARGETED_DEVICE_FAMILY = "1,2";
				VALIDATE_PRODUCT = YES;
			};
			name = Release;
		};
		0203C1FD1A3F92880022CAB4 /* Debug */ = {
			isa = XCBuildConfiguration;
			buildSettings = {
				ASSETCATALOG_COMPILER_APPICON_NAME = AppIcon;
				INFOPLIST_FILE = stylo/Info.plist;
				LD_RUNPATH_SEARCH_PATHS = "$(inherited) @executable_path/Frameworks";
				PRODUCT_NAME = "$(TARGET_NAME)";
			};
			name = Debug;
		};
		0203C1FE1A3F92880022CAB4 /* Release */ = {
			isa = XCBuildConfiguration;
			buildSettings = {
				ASSETCATALOG_COMPILER_APPICON_NAME = AppIcon;
				INFOPLIST_FILE = stylo/Info.plist;
				LD_RUNPATH_SEARCH_PATHS = "$(inherited) @executable_path/Frameworks";
				PRODUCT_NAME = "$(TARGET_NAME)";
			};
			name = Release;
		};
		0203C2001A3F92880022CAB4 /* Debug */ = {
			isa = XCBuildConfiguration;
			buildSettings = {
				BUNDLE_LOADER = "$(TEST_HOST)";
				FRAMEWORK_SEARCH_PATHS = (
					"$(SDKROOT)/Developer/Library/Frameworks",
					"$(inherited)",
				);
				GCC_PREPROCESSOR_DEFINITIONS = (
					"DEBUG=1",
					"$(inherited)",
				);
				INFOPLIST_FILE = styloTests/Info.plist;
				LD_RUNPATH_SEARCH_PATHS = "$(inherited) @executable_path/Frameworks @loader_path/Frameworks";
				PRODUCT_NAME = "$(TARGET_NAME)";
				TEST_HOST = "$(BUILT_PRODUCTS_DIR)/stylo.app/stylo";
			};
			name = Debug;
		};
		0203C2011A3F92880022CAB4 /* Release */ = {
			isa = XCBuildConfiguration;
			buildSettings = {
				BUNDLE_LOADER = "$(TEST_HOST)";
				FRAMEWORK_SEARCH_PATHS = (
					"$(SDKROOT)/Developer/Library/Frameworks",
					"$(inherited)",
				);
				INFOPLIST_FILE = styloTests/Info.plist;
				LD_RUNPATH_SEARCH_PATHS = "$(inherited) @executable_path/Frameworks @loader_path/Frameworks";
				PRODUCT_NAME = "$(TARGET_NAME)";
				TEST_HOST = "$(BUILT_PRODUCTS_DIR)/stylo.app/stylo";
			};
			name = Release;
		};
/* End XCBuildConfiguration section */

/* Begin XCConfigurationList section */
		0203C1D41A3F92870022CAB4 /* Build configuration list for PBXProject "stylo" */ = {
			isa = XCConfigurationList;
			buildConfigurations = (
				0203C1FA1A3F92880022CAB4 /* Debug */,
				0203C1FB1A3F92880022CAB4 /* Release */,
			);
			defaultConfigurationIsVisible = 0;
			defaultConfigurationName = Release;
		};
		0203C1FC1A3F92880022CAB4 /* Build configuration list for PBXNativeTarget "stylo" */ = {
			isa = XCConfigurationList;
			buildConfigurations = (
				0203C1FD1A3F92880022CAB4 /* Debug */,
				0203C1FE1A3F92880022CAB4 /* Release */,
			);
			defaultConfigurationIsVisible = 0;
			defaultConfigurationName = Release;
		};
		0203C1FF1A3F92880022CAB4 /* Build configuration list for PBXNativeTarget "styloTests" */ = {
			isa = XCConfigurationList;
			buildConfigurations = (
				0203C2001A3F92880022CAB4 /* Debug */,
				0203C2011A3F92880022CAB4 /* Release */,
			);
			defaultConfigurationIsVisible = 0;
			defaultConfigurationName = Release;
		};
/* End XCConfigurationList section */
	};
	rootObject = 0203C1D11A3F92870022CAB4 /* Project object */;
}
